
Microsoft Visual Studio Solution File, Format Version 12.00
# Visual Studio Version 17
VisualStudioVersion = 17.11.35208.52
MinimumVisualStudioVersion = 10.0.40219.1
Project("{FAE04EC0-301F-11D3-BF4B-00C04F79EFBC}") = "Felosy Expense Tracker", "Felosy Expense Tracker\Felosy Expense Tracker.csproj", "{B089A8EB-5BFE-4DA7-8BD4-A204337D5572}"
EndProject
Global
	GlobalSection(SolutionConfigurationPlatforms) = preSolution
		Debug|Any CPU = Debug|Any CPU
		Release|Any CPU = Release|Any CPU
	EndGlobalSection
	GlobalSection(ProjectConfigurationPlatforms) = postSolution
		{B089A8EB-5BFE-4DA7-8BD4-A204337D5572}.Debug|Any CPU.ActiveCfg = Debug|Any CPU
		{B089A8EB-5BFE-4DA7-8BD4-A204337D5572}.Debug|Any CPU.Build.0 = Debug|Any CPU
		{B089A8EB-5BFE-4DA7-8BD4-A204337D5572}.Release|Any CPU.ActiveCfg = Release|Any CPU
		{B089A8EB-5BFE-4DA7-8BD4-A204337D5572}.Release|Any CPU.Build.0 = Release|Any CPU
	EndGlobalSection
	GlobalSection(SolutionProperties) = preSolution
		HideSolutionNode = FALSE
	EndGlobalSection
	GlobalSection(ExtensibilityGlobals) = postSolution
		SolutionGuid = {84C84F31-CBF2-41FD-B2F0-5A84DB55005A}
	EndGlobalSection
EndGlobal
